
Microsoft Visual Studio Solution File, Format Version 12.00
# Visual Studio Version 16
VisualStudioVersion = 16.0.30204.135
MinimumVisualStudioVersion = 10.0.40219.1
Project("{9A19103F-16F7-4668-BE54-9A1E7A4F7556}") = "eShopsolution.WebApp", "eShopsolution.WebApp\eShopsolution.WebApp.csproj", "{174E9E0E-88EA-4B11-896A-772EFC13F01E}"
EndProject
Project("{2150E333-8FDC-42A3-9474-1A3956D46DE8}") = "Solution Items", "Solution Items", "{9B4F58F6-EE3B-4C1E-88A3-D3830C57778B}"
	ProjectSection(SolutionItems) = preProject
		README.txt = README.txt
	EndProjectSection
EndProject
Global
	GlobalSection(SolutionConfigurationPlatforms) = preSolution
		Debug|Any CPU = Debug|Any CPU
		Release|Any CPU = Release|Any CPU
	EndGlobalSection
	GlobalSection(ProjectConfigurationPlatforms) = postSolution
		{174E9E0E-88EA-4B11-896A-772EFC13F01E}.Debug|Any CPU.ActiveCfg = Debug|Any CPU
		{174E9E0E-88EA-4B11-896A-772EFC13F01E}.Debug|Any CPU.Build.0 = Debug|Any CPU
		{174E9E0E-88EA-4B11-896A-772EFC13F01E}.Release|Any CPU.ActiveCfg = Release|Any CPU
		{174E9E0E-88EA-4B11-896A-772EFC13F01E}.Release|Any CPU.Build.0 = Release|Any CPU
	EndGlobalSection
	GlobalSection(SolutionProperties) = preSolution
		HideSolutionNode = FALSE
	EndGlobalSection
	GlobalSection(ExtensibilityGlobals) = postSolution
		SolutionGuid = {F418199E-4F17-4D26-80CC-EA8A43B4A8D5}
	EndGlobalSection
EndGlobal
